
Microsoft Visual Studio Solution File, Format Version 12.00
# Visual Studio Version 17
VisualStudioVersion = 17.12.35527.113 d17.12
MinimumVisualStudioVersion = 10.0.40219.1
Project("{FAE04EC0-301F-11D3-BF4B-00C04F79EFBC}") = "atividade", "atividade\atividade.csproj", "{2290CA24-5EA0-476A-B1BF-05DCE9551179}"
EndProject
Project("{FAE04EC0-301F-11D3-BF4B-00C04F79EFBC}") = "operadoresaritimeticos", "operadoresaritimeticos\operadoresaritimeticos.csproj", "{3352F4AC-3F87-4D58-93B3-49553BFA0D4B}"
EndProject
Global
	GlobalSection(SolutionConfigurationPlatforms) = preSolution
		Debug|Any CPU = Debug|Any CPU
		Release|Any CPU = Release|Any CPU
	EndGlobalSection
	GlobalSection(ProjectConfigurationPlatforms) = postSolution
		{2290CA24-5EA0-476A-B1BF-05DCE9551179}.Debug|Any CPU.ActiveCfg = Debug|Any CPU
		{2290CA24-5EA0-476A-B1BF-05DCE9551179}.Debug|Any CPU.Build.0 = Debug|Any CPU
		{2290CA24-5EA0-476A-B1BF-05DCE9551179}.Release|Any CPU.ActiveCfg = Release|Any CPU
		{2290CA24-5EA0-476A-B1BF-05DCE9551179}.Release|Any CPU.Build.0 = Release|Any CPU
		{3352F4AC-3F87-4D58-93B3-49553BFA0D4B}.Debug|Any CPU.ActiveCfg = Debug|Any CPU
		{3352F4AC-3F87-4D58-93B3-49553BFA0D4B}.Debug|Any CPU.Build.0 = Debug|Any CPU
		{3352F4AC-3F87-4D58-93B3-49553BFA0D4B}.Release|Any CPU.ActiveCfg = Release|Any CPU
		{3352F4AC-3F87-4D58-93B3-49553BFA0D4B}.Release|Any CPU.Build.0 = Release|Any CPU
	EndGlobalSection
	GlobalSection(SolutionProperties) = preSolution
		HideSolutionNode = FALSE
	EndGlobalSection
EndGlobal
